
Microsoft Visual Studio Solution File, Format Version 12.00
# Visual Studio Version 17
VisualStudioVersion = 17.4.33103.184
MinimumVisualStudioVersion = 10.0.40219.1
Project("{9A19103F-16F7-4668-BE54-9A1E7A4F7556}") = "Exercicio01", "Exercicio01\Exercicio01.csproj", "{C8B8ACD1-8C9C-4CE9-8C9F-E81BBB079465}"
EndProject
Project("{9A19103F-16F7-4668-BE54-9A1E7A4F7556}") = "Exercicio02", "Exercicio02\Exercicio02.csproj", "{4CE7A44B-441E-4A6B-9E90-8B17C20D4D3E}"
EndProject
Project("{FAE04EC0-301F-11D3-BF4B-00C04F79EFBC}") = "Exercicio03", "Exercicio03\Exercicio03.csproj", "{B493986B-CEE7-4A05-8EE4-B0594E550753}"
EndProject
Project("{FAE04EC0-301F-11D3-BF4B-00C04F79EFBC}") = "Exercicio04", "Exercicio04\Exercicio04.csproj", "{C205705C-D431-49C5-AECA-A9F762F43FB6}"
EndProject
Global
	GlobalSection(SolutionConfigurationPlatforms) = preSolution
		Debug|Any CPU = Debug|Any CPU
		Release|Any CPU = Release|Any CPU
	EndGlobalSection
	GlobalSection(ProjectConfigurationPlatforms) = postSolution
		{C8B8ACD1-8C9C-4CE9-8C9F-E81BBB079465}.Debug|Any CPU.ActiveCfg = Debug|Any CPU
		{C8B8ACD1-8C9C-4CE9-8C9F-E81BBB079465}.Debug|Any CPU.Build.0 = Debug|Any CPU
		{C8B8ACD1-8C9C-4CE9-8C9F-E81BBB079465}.Release|Any CPU.ActiveCfg = Release|Any CPU
		{C8B8ACD1-8C9C-4CE9-8C9F-E81BBB079465}.Release|Any CPU.Build.0 = Release|Any CPU
		{4CE7A44B-441E-4A6B-9E90-8B17C20D4D3E}.Debug|Any CPU.ActiveCfg = Debug|Any CPU
		{4CE7A44B-441E-4A6B-9E90-8B17C20D4D3E}.Debug|Any CPU.Build.0 = Debug|Any CPU
		{4CE7A44B-441E-4A6B-9E90-8B17C20D4D3E}.Release|Any CPU.ActiveCfg = Release|Any CPU
		{4CE7A44B-441E-4A6B-9E90-8B17C20D4D3E}.Release|Any CPU.Build.0 = Release|Any CPU
		{B493986B-CEE7-4A05-8EE4-B0594E550753}.Debug|Any CPU.ActiveCfg = Debug|Any CPU
		{B493986B-CEE7-4A05-8EE4-B0594E550753}.Debug|Any CPU.Build.0 = Debug|Any CPU
		{B493986B-CEE7-4A05-8EE4-B0594E550753}.Release|Any CPU.ActiveCfg = Release|Any CPU
		{B493986B-CEE7-4A05-8EE4-B0594E550753}.Release|Any CPU.Build.0 = Release|Any CPU
		{C205705C-D431-49C5-AECA-A9F762F43FB6}.Debug|Any CPU.ActiveCfg = Debug|Any CPU
		{C205705C-D431-49C5-AECA-A9F762F43FB6}.Debug|Any CPU.Build.0 = Debug|Any CPU
		{C205705C-D431-49C5-AECA-A9F762F43FB6}.Release|Any CPU.ActiveCfg = Release|Any CPU
		{C205705C-D431-49C5-AECA-A9F762F43FB6}.Release|Any CPU.Build.0 = Release|Any CPU
	EndGlobalSection
	GlobalSection(SolutionProperties) = preSolution
		HideSolutionNode = FALSE
	EndGlobalSection
	GlobalSection(ExtensibilityGlobals) = postSolution
		SolutionGuid = {4D255E88-E08C-412E-BBED-33CBE35D4257}
	EndGlobalSection
EndGlobal
